PODS:
  - Flutter (1.0.0)
  - FlutterPluginRegistrant (0.0.1):
    - Flutter

DEPENDENCIES:
  - Flutter (from `../app_flutter/.ios/Flutter`)
  - FlutterPluginRegistrant (from `../app_flutter/.ios/Flutter/FlutterPluginRegistrant`)

EXTERNAL SOURCES:
  Flutter:
    :path: "../app_flutter/.ios/Flutter"
  FlutterPluginRegistrant:
    :path: "../app_flutter/.ios/Flutter/FlutterPluginRegistrant"

SPEC CHECKSUMS:
  Flutter: f04841e97a9d0b0a8025694d0796dd46242b2854
  FlutterPluginRegistrant: 58acfb6cb31ee4ca14f920aba101815efda113ee

PODFILE CHECKSUM: 2a1294067941e9e86daa30d6e5228130791cf4c4

COCOAPODS: 1.12.1
